
Microsoft Visual Studio Solution File, Format Version 12.00
# Visual Studio Version 17
VisualStudioVersion = 17.11.35327.3
MinimumVisualStudioVersion = 10.0.40219.1
Project("{9A19103F-16F7-4668-BE54-9A1E7A4F7556}") = "Storage.Core", "Storage.Core\Storage.Core.csproj", "{FCB53EC0-286F-4394-8BC3-AC611F8F3535}"
EndProject
Project("{9A19103F-16F7-4668-BE54-9A1E7A4F7556}") = "Storage.Infrastructure", "Storage.DataAccess\Storage.Infrastructure.csproj", "{03F0570C-4364-4DBD-ACC0-97FF5ABB8F4A}"
EndProject
Project("{9A19103F-16F7-4668-BE54-9A1E7A4F7556}") = "Storage.Application", "Storage.Application\Storage.Application.csproj", "{A08C5497-F6F0-45E3-87DF-3AA252E42764}"
EndProject
Project("{9A19103F-16F7-4668-BE54-9A1E7A4F7556}") = "Storage.API", "Storage.API\Storage.API.csproj", "{F4724EF5-AC4E-40B1-B5E1-1D38C7ECAE13}"
EndProject
Global
	GlobalSection(SolutionConfigurationPlatforms) = preSolution
		Debug|Any CPU = Debug|Any CPU
		Release|Any CPU = Release|Any CPU
	EndGlobalSection
	GlobalSection(ProjectConfigurationPlatforms) = postSolution
		{FCB53EC0-286F-4394-8BC3-AC611F8F3535}.Debug|Any CPU.ActiveCfg = Debug|Any CPU
		{FCB53EC0-286F-4394-8BC3-AC611F8F3535}.Debug|Any CPU.Build.0 = Debug|Any CPU
		{FCB53EC0-286F-4394-8BC3-AC611F8F3535}.Release|Any CPU.ActiveCfg = Release|Any CPU
		{FCB53EC0-286F-4394-8BC3-AC611F8F3535}.Release|Any CPU.Build.0 = Release|Any CPU
		{03F0570C-4364-4DBD-ACC0-97FF5ABB8F4A}.Debug|Any CPU.ActiveCfg = Debug|Any CPU
		{03F0570C-4364-4DBD-ACC0-97FF5ABB8F4A}.Debug|Any CPU.Build.0 = Debug|Any CPU
		{03F0570C-4364-4DBD-ACC0-97FF5ABB8F4A}.Release|Any CPU.ActiveCfg = Release|Any CPU
		{03F0570C-4364-4DBD-ACC0-97FF5ABB8F4A}.Release|Any CPU.Build.0 = Release|Any CPU
		{A08C5497-F6F0-45E3-87DF-3AA252E42764}.Debug|Any CPU.ActiveCfg = Debug|Any CPU
		{A08C5497-F6F0-45E3-87DF-3AA252E42764}.Debug|Any CPU.Build.0 = Debug|Any CPU
		{A08C5497-F6F0-45E3-87DF-3AA252E42764}.Release|Any CPU.ActiveCfg = Release|Any CPU
		{A08C5497-F6F0-45E3-87DF-3AA252E42764}.Release|Any CPU.Build.0 = Release|Any CPU
		{F4724EF5-AC4E-40B1-B5E1-1D38C7ECAE13}.Debug|Any CPU.ActiveCfg = Debug|Any CPU
		{F4724EF5-AC4E-40B1-B5E1-1D38C7ECAE13}.Debug|Any CPU.Build.0 = Debug|Any CPU
		{F4724EF5-AC4E-40B1-B5E1-1D38C7ECAE13}.Release|Any CPU.ActiveCfg = Release|Any CPU
		{F4724EF5-AC4E-40B1-B5E1-1D38C7ECAE13}.Release|Any CPU.Build.0 = Release|Any CPU
	EndGlobalSection
	GlobalSection(SolutionProperties) = preSolution
		HideSolutionNode = FALSE
	EndGlobalSection
	GlobalSection(ExtensibilityGlobals) = postSolution
		SolutionGuid = {3EB3C799-0A6D-468B-99D5-AE5612DA3A6A}
	EndGlobalSection
EndGlobal
